# THIS IS AN AUTOGENERATED FILE. DO NOT EDIT THIS FILE DIRECTLY.
# yarn lockfile v1


"@csstools/selector-resolve-nested@^4.0.0":
  version "4.0.0"
  resolved "https://registry.yarnpkg.com/@csstools/selector-resolve-nested/-/selector-resolve-nested-4.0.0.tgz#ccc38c2cdc14c3ddd1d94647803facef654d47e2"
  integrity sha512-9vAPxmp+Dx3wQBIUwc1v7Mdisw1kbbaGqXUM8QLTgWg7SoPGYtXBsMXvsFs/0Bn5yoFhcktzxNZGNaUt0VjgjA==

"@csstools/selector-specificity@^6.0.0":
  version "6.0.0"
  resolved "https://registry.yarnpkg.com/@csstools/selector-specificity/-/selector-specificity-6.0.0.tgz#ef28e27c1ded1d8e5c54879a9399e7055aed1920"
  integrity sha512-4sSgl78OtOXEX/2d++8A83zHNTgwCJMaR24FvsYL7Uf/VS8HZk9PTwR51elTbGqMuwH3szLvvOXEaVnqn0Z3zA==

"@emnapi/core@1.10.0":
  version "1.10.0"
  resolved "https://registry.yarnpkg.com/@emnapi/core/-/core-1.10.0.tgz#380ccc8f2412ea22d1d972df7f8ee23a3b9c7467"
  integrity sha512-yq6OkJ4p82CAfPl0u9mQebQHKPJkY7WrIuk205cTYnYe+k2Z8YBh11FrbRG/H6ihirqcacOgl2BIO8oyMQLeXw==
  dependencies:
    "@emnapi/wasi-threads" "1.2.1"
    tslib "^2.4.0"

"@emnapi/runtime@1.10.0":
  version "1.10.0"
  resolved "https://registry.yarnpkg.com/@emnapi/runtime/-/runtime-1.10.0.tgz#4b260c0d3534204e98c6110b8db1a987d26ec87c"
  integrity sha512-ewvYlk86xUoGI0zQRNq/mC+16R1QeDlKQy21Ki3oSYXNgLb45GV1P6A0M+/s6nyCuNDqe5VpaY84BzXGwVbwFA==
  dependencies:
    tslib "^2.4.0"

"@emnapi/wasi-threads@1.2.1":
  version "1.2.1"
  resolved "https://registry.yarnpkg.com/@emnapi/wasi-threads/-/wasi-threads-1.2.1.tgz#28fed21a1ba1ce797c44a070abc94d42f3ae8548"
  integrity sha512-uTII7OYF+/Mes/MrcIOYp5yOtSMLBWSIoLPpcgwipoiKbli6k322tcoFsxoIIxPDqW01SQGAgko4EzZi2BNv2w==
  dependencies:
    tslib "^2.4.0"

"@napi-rs/wasm-runtime@^1.1.4":
  version "1.1.6"
  resolved "https://registry.yarnpkg.com/@napi-rs/wasm-runtime/-/wasm-runtime-1.1.6.tgz#ed33806d0f9be98dc76d0c3d4fd872fda701b5d5"
  integrity sha512-ZLv/JdUfkvOy9eCnnBaGfiO+XimbjebAeO+MRQqD/B+FR1tnRN0tpKSJHRbE8sFfS6aqsXZ67TQjfwfsxULVbg==
  dependencies:
    "@tybys/wasm-util" "^0.10.3"

"@oxc-project/types@=0.130.0":
  version "0.130.0"
  resolved "https://registry.yarnpkg.com/@oxc-project/types/-/types-0.130.0.tgz#a7825148711dc28805c46cfc21d94b63a4d41e88"
  integrity sha512-ibD2usx9JRu7f5pu2tMKMI4cpA4NgXJQoYRP4pQ7Pxmn1l6k/53qWtQWZayhYy3X4QZkt90Ot+mJEaeXouio6Q==

"@rolldown/binding-android-arm64@1.0.1":
  version "1.0.1"
  resolved "https://registry.yarnpkg.com/@rolldown/binding-android-arm64/-/binding-android-arm64-1.0.1.tgz#7b250c89f16d74affd581dbe38f702e8c2c644d3"
  integrity sha512-fJI3I0r3C3Oj/zdBCpaCmBRZYf07xpaq4yCfDDoSFm+beWNzbIl26puW8RraUdugoJw/95zerNOn6jasAhzSmg==

"@rolldown/binding-darwin-arm64@1.0.1":
  version "1.0.1"
  resolved "https://registry.yarnpkg.com/@rolldown/binding-darwin-arm64/-/binding-darwin-arm64-1.0.1.tgz#cd4de96687e6522062984b0503fbffbbc9220023"
  integrity sha512-cKnAhWEsV7TPcA/5EAteDp6KcJZBQ2G+BqE7zayMMi7kMvwRsbv7WT9aOnn0WNl4SKEIf43vjS31iUPu80nzXg==

"@rolldown/binding-darwin-x64@1.0.1":
  version "1.0.1"
  resolved "https://registry.yarnpkg.com/@rolldown/binding-darwin-x64/-/binding-darwin-x64-1.0.1.tgz#5b0a631e3784d5a7741dd93097dcf6dfca029960"
  integrity sha512-YKrVwQjIRBPo+5G/u03wGjbdy4q7pyzCe93DK9VJ7zkVmeg8LJ7GbgsiHWdR4xSoe4CAXRD7Bcjgbtr64bkXNg==

"@rolldown/binding-freebsd-x64@1.0.1":
  version "1.0.1"
  resolved "https://registry.yarnpkg.com/@rolldown/binding-freebsd-x64/-/binding-freebsd-x64-1.0.1.tgz#d82e561079db89f796438f56ec11bb3565ee1875"
  integrity sha512-z/oBsREo46SsFqBwYtFe0kpJeBijAT48O/WXLI4suiCLBkr03RTtTJMCzSdDd2znlh8VJizL09XVkQgk8IZonw==

"@rolldown/binding-linux-arm-gnueabihf@1.0.1":
  version "1.0.1"
  resolved "https://registry.yarnpkg.com/@rolldown/binding-linux-arm-gnueabihf/-/binding-linux-arm-gnueabihf-1.0.1.tgz#f2645afff4253c7b46b80ba14af5fd3fc18d45dc"
  integrity sha512-ik8q7GM11zxvYxFc2PeDcT6TBvhCQMaUxfph/M5l9sKuTs/Sjg3L+Byw0F7w0ZVLBZmx30P+gG0ECzzN+MFcmQ==

"@rolldown/binding-linux-arm64-gnu@1.0.1":
  version "1.0.1"
  resolved "https://registry.yarnpkg.com/@rolldown/binding-linux-arm64-gnu/-/binding-linux-arm64-gnu-1.0.1.tgz#a16b97f175e7b115c5ece77c7b648d0c868f4486"
  integrity sha512-QoSx2EkyrrdZ6kcyE8stqZ62t0Yra8Fs5ia9lOxJrh6TMQJK7gQKmscdTHf7pOXKREKrVwOtJcQG3qVSfc866A==

"@rolldown/binding-linux-arm64-musl@1.0.1":
  version "1.0.1"
  resolved "https://registry.yarnpkg.com/@rolldown/binding-linux-arm64-musl/-/binding-linux-arm64-musl-1.0.1.tgz#e695aec4ef2c8713c9d959b42a208059891276da"
  integrity sha512-uwNwFpwKeNiZawfAWBgg0VIztPTV3ihhh1vV334h9ivnNLorxnQMU6Fz8wG1Zb4Qh9LC1/MkcyT3YlDXG3Rsgg==

"@rolldown/binding-linux-ppc64-gnu@1.0.1":
  version "1.0.1"
  resolved "https://registry.yarnpkg.com/@rolldown/binding-linux-ppc64-gnu/-/binding-linux-ppc64-gnu-1.0.1.tgz#4a9edf16112cbe99cdd396c60efac39cbd1758ac"
  integrity sha512-zY1bul7OWr7DFBiJ++wofXvnr8B45ce3QsQUhKrIhXsygAh7bTkwyeM1bi1a2g5C/yC/N8TZyGDEoMfm/l9mpg==

"@rolldown/binding-linux-s390x-gnu@1.0.1":
  version "1.0.1"
  resolved "https://registry.yarnpkg.com/@rolldown/binding-linux-s390x-gnu/-/binding-linux-s390x-gnu-1.0.1.tgz#314aa3ec1ce8251501d865f98fb91e42a1e671e4"
  integrity sha512-0frlsT/f4Ft6I7SMESTKnF3cZsdicQn1dCMkF/jT9wDLE+gGoiQfv1nmT9e+s7s/fekvvy6tZM2jHvI2tkbJDQ==

"@rolldown/binding-linux-x64-gnu@1.0.1":
  version "1.0.1"
  resolved "https://registry.yarnpkg.com/@rolldown/binding-linux-x64-gnu/-/binding-linux-x64-gnu-1.0.1.tgz#7c51f13cf1141c503ee162830b4fc692d91640be"
  integrity sha512-XABVmGp9Tg0WspTVvwduTc4fpqy6JnAUrSQe6OuyqD/03nI7r0O9OWUkMIwFrjKAIqolvqoA4ZrJppgwE0Gxmw==

"@rolldown/binding-linux-x64-musl@1.0.1":
  version "1.0.1"
  resolved "https://registry.yarnpkg.com/@rolldown/binding-linux-x64-musl/-/binding-linux-x64-musl-1.0.1.tgz#b7213936bbc9310b02a34f71cefd25f9e71f329b"
  integrity sha512-bV4fzswuzVcKD90o/VM6QqKxnxlDq0g2BISDLNVmxrnhpv1DDbyPhCIjYfvzYLV+MvkKKnQt2Q6AO86SEBULUQ==

"@rolldown/binding-openharmony-arm64@1.0.1":
  version "1.0.1"
  resolved "https://registry.yarnpkg.com/@rolldown/binding-openharmony-arm64/-/binding-openharmony-arm64-1.0.1.tgz#006e88acde4f12b41a4c72292685c9dc9e6a3627"
  integrity sha512-/Mh0Zhq3OP7fVs0kcQHZP6lZEthMGTaSf8UBQYSFEZDWGXXlEC+nJ6EqenaK2t4LBXMe3A+K/G2BVXXdtOr4PQ==

"@rolldown/binding-wasm32-wasi@1.0.1":
  version "1.0.1"
  resolved "https://registry.yarnpkg.com/@rolldown/binding-wasm32-wasi/-/binding-wasm32-wasi-1.0.1.tgz#033525c84da217418232f35be19f1ddc0af4f31e"
  integrity sha512-+1xc9X45l8ufsBAm6Gjvx2qDRIY9lTVt0cgWNcJ+1gdhXvkbxePA60yRTwSTuXL09CMhyJmjpV7E3NoyxbqFQQ==
  dependencies:
    "@emnapi/core" "1.10.0"
    "@emnapi/runtime" "1.10.0"
    "@napi-rs/wasm-runtime" "^1.1.4"

"@rolldown/binding-win32-arm64-msvc@1.0.1":
  version "1.0.1"
  resolved "https://registry.yarnpkg.com/@rolldown/binding-win32-arm64-msvc/-/binding-win32-arm64-msvc-1.0.1.tgz#febbf109cf1b5837e21369f0e0d2fefca1519c39"
  integrity sha512-1D+UqZdfnuR+Jy1GgMJwi85bD40H21uNmOPRWQhw4oRSuolZ/B5rixZ45DK2KXOTCvmVCecauWgEhbw8bI7tOw==

"@rolldown/binding-win32-x64-msvc@1.0.1":
  version "1.0.1"
  resolved "https://registry.yarnpkg.com/@rolldown/binding-win32-x64-msvc/-/binding-win32-x64-msvc-1.0.1.tgz#dfb32a67ccb0deaa3c9a57f6cb4890b5697dfa2c"
  integrity sha512-INAycaWuhlOK3wk4mRHGsdgwYWmd9cChdPdE9bwWmy6rn9VqVNYNFGhOdXrofXUxwHIncSiPNb8tNm8knDVIeQ==

"@rolldown/pluginutils@^1.0.0":
  version "1.0.1"
  resolved "https://registry.yarnpkg.com/@rolldown/pluginutils/-/pluginutils-1.0.1.tgz#e3fcee093fbb5ce765e1ad088ff4de2889f6f9be"
  integrity sha512-2j9bGt5Jh8hj+vPtgzPtl72j0yRxHAyumoo6TNfAjsLB04UtpSvPbPcDcBMxz7n+9CYB0c1GxQFxYRg2jimqGw==

"@tybys/wasm-util@^0.10.3":
  version "0.10.3"
  resolved "https://registry.yarnpkg.com/@tybys/wasm-util/-/wasm-util-0.10.3.tgz#015cba9e9dd47ce14d03d2a8c5d547bfb169665d"
  integrity sha512-F3fo1MYrRJYL3zER0OUOmkutjr1Vp23m7OsSgp7nq4SP6OqX6C/56XFIPAl5bt3zaBRjmW7SGz3u/6LwFpYcOg==
  dependencies:
    tslib "^2.4.0"

"@types/react-dom@19.2.3":
  version "19.2.3"
  resolved "https://registry.yarnpkg.com/@types/react-dom/-/react-dom-19.2.3.tgz#c1e305d15a52a3e508d54dca770d202cb63abf2c"
  integrity sha512-jp2L/eY6fn+KgVVQAOqYItbF0VY/YApe5Mz2F0aykSO8gx31bYCZyvSeYxCHKvzHG5eZjc+zyaS5BrBWya2+kQ==

"@types/react@19.2.14":
  version "19.2.14"
  resolved "https://registry.yarnpkg.com/@types/react/-/react-19.2.14.tgz#39604929b5e3957e3a6fa0001dafb17c7af70bad"
  integrity sha512-ilcTH/UniCkMdtexkoCN0bI7pMcJDvmQFPvuPvmEaYA/NSfFTAgdUSLAoVjaRJm7+6PvcM+q1zYOwS4wTYMF9w==
  dependencies:
    csstype "^3.2.2"

"@types/trusted-types@^2.0.7":
  version "2.0.7"
  resolved "https://registry.yarnpkg.com/@types/trusted-types/-/trusted-types-2.0.7.tgz#baccb07a970b91707df3a3e8ba6896c57ead2d11"
  integrity sha512-ScaPdn1dQczgbl0QFTeTOmVHFULt394XJgOQNoyVhZ6r2vLnMLJfBPd53SB52T/3G36VI1/g2MZaX0cwDuXsfw==

"@vitejs/plugin-react@6.0.2":
  version "6.0.2"
  resolved "https://registry.yarnpkg.com/@vitejs/plugin-react/-/plugin-react-6.0.2.tgz#f70cb8ed0ce225dbc3055d78070f820d8aa35eda"
  integrity sha512-DlSMqo4WhThw4vB8Mpn0Woe9J+Jfq1geJ61AKW0QEgLzGMNwtIMdxbDUzLxcun8W7NbJO0e2Jg/Nxm3cCSVzzg==
  dependencies:
    "@rolldown/pluginutils" "^1.0.0"

ansi-colors@^4.1.1:
  version "4.1.3"
  resolved "https://registry.yarnpkg.com/ansi-colors/-/ansi-colors-4.1.3.tgz#37611340eb2243e70cc604cad35d63270d48781b"
  integrity sha512-/6w/C21Pm1A7aZitlI5Ni/2J6FFQN8i1Cvz3kHABAAbw93v/NlvKdVOqz7CCWz/3iv/JplRSEEZ83XION15ovw==

boolbase@^1.0.0:
  version "1.0.0"
  resolved "https://registry.yarnpkg.com/boolbase/-/boolbase-1.0.0.tgz#68dff5fbe60c51eb37725ea9e3ed310dcc1e776e"
  integrity sha512-JZOSA7Mo9sNGB8+UjSgzdLtokWAky1zbztM3WRLCbZ70/3cTANmQmOdR7y2g+J0e2WXywy1yS468tY+IruqEww==

cheerio-select@^2.1.0:
  version "2.1.0"
  resolved "https://registry.yarnpkg.com/cheerio-select/-/cheerio-select-2.1.0.tgz#4d8673286b8126ca2a8e42740d5e3c4884ae21b4"
  integrity sha512-9v9kG0LvzrlcungtnJtpGNxY+fzECQKhK4EGJX2vByejiMX84MFNQw4UxPJl3bFbTMw+Dfs37XaIkCwTZfLh4g==
  dependencies:
    boolbase "^1.0.0"
    css-select "^5.1.0"
    css-what "^6.1.0"
    domelementtype "^2.3.0"
    domhandler "^5.0.3"
    domutils "^3.0.1"

cheerio@1.2.0:
  version "1.2.0"
  resolved "https://registry.yarnpkg.com/cheerio/-/cheerio-1.2.0.tgz#f23b777c49021ead7475dcf3390d3535a7f896d6"
  integrity sha512-WDrybc/gKFpTYQutKIK6UvfcuxijIZfMfXaYm8NMsPQxSYvf+13fXUJ4rztGGbJcBQ/GF55gvrZ0Bc0bj/mqvg==
  dependencies:
    cheerio-select "^2.1.0"
    dom-serializer "^2.0.0"
    domhandler "^5.0.3"
    domutils "^3.2.2"
    encoding-sniffer "^0.2.1"
    htmlparser2 "^10.1.0"
    parse5 "^7.3.0"
    parse5-htmlparser2-tree-adapter "^7.1.0"
    parse5-parser-stream "^7.1.2"
    undici "^7.19.0"
    whatwg-mimetype "^4.0.0"

commander@^14.0.3:
  version "14.0.3"
  resolved "https://registry.yarnpkg.com/commander/-/commander-14.0.3.tgz#425d79b48f9af82fcd9e4fc1ea8af6c5ec07bbc2"
  integrity sha512-H+y0Jo/T1RZ9qPP4Eh1pkcQcLRglraJaSLoyOtHxu6AapkjWVCy2Sit1QQ4x3Dng8qDlSsZEet7g5Pq06MvTgw==

css-select@^5.1.0:
  version "5.2.2"
  resolved "https://registry.yarnpkg.com/css-select/-/css-select-5.2.2.tgz#01b6e8d163637bb2dd6c982ca4ed65863682786e"
  integrity sha512-TizTzUddG/xYLA3NXodFM0fSbNizXjOKhqiQQwvhlspadZokn1KDy0NZFS0wuEubIYAV5/c1/lAr0TaaFXEXzw==
  dependencies:
    boolbase "^1.0.0"
    css-what "^6.1.0"
    domhandler "^5.0.2"
    domutils "^3.0.1"
    nth-check "^2.0.1"

css-what@^6.1.0:
  version "6.2.2"
  resolved "https://registry.yarnpkg.com/css-what/-/css-what-6.2.2.tgz#cdcc8f9b6977719fdfbd1de7aec24abf756b9dea"
  integrity sha512-u/O3vwbptzhMs3L1fQE82ZSLHQQfto5gyZzwteVIEyeaY5Fc7R4dapF/BvRoSYFeqfBk4m0V1Vafq5Pjv25wvA==

cssesc@^3.0.0:
  version "3.0.0"
  resolved "https://registry.yarnpkg.com/cssesc/-/cssesc-3.0.0.tgz#37741919903b868565e1c09ea747445cd18983ee"
  integrity sha512-/Tb/JcjK111nNScGob5MNtsntNM1aCNUDipB/TkwZFhyDrrE47SOx/18wF2bbjgc3ZzCSKW1T5nt5EbFoAz/Vg==

csstype@^3.2.2:
  version "3.2.3"
  resolved "https://registry.yarnpkg.com/csstype/-/csstype-3.2.3.tgz#ec48c0f3e993e50648c86da559e2610995cf989a"
  integrity sha512-z1HGKcYy2xA8AGQfwrn0PAy+PB7X/GSj3UVJW9qKyn43xWa+gl5nXmU4qqLMRzWVLFC8KusUX8T/0kCiOYpAIQ==

detect-libc@^2.0.3:
  version "2.1.2"
  resolved "https://registry.yarnpkg.com/detect-libc/-/detect-libc-2.1.2.tgz#689c5dcdc1900ef5583a4cb9f6d7b473742074ad"
  integrity sha512-Btj2BOOO83o3WyH59e8MgXsxEQVcarkUOpEYrubB0urwnN10yQ364rsiByU11nZlqWYZm05i/of7io4mzihBtQ==

dom-serializer@^2.0.0:
  version "2.0.0"
  resolved "https://registry.yarnpkg.com/dom-serializer/-/dom-serializer-2.0.0.tgz#e41b802e1eedf9f6cae183ce5e622d789d7d8e53"
  integrity sha512-wIkAryiqt/nV5EQKqQpo3SToSOV9J0DnbJqwK7Wv/Trc92zIAYZ4FlMu+JPFW1DfGFt81ZTCGgDEabffXeLyJg==
  dependencies:
    domelementtype "^2.3.0"
    domhandler "^5.0.2"
    entities "^4.2.0"

domelementtype@^2.3.0:
  version "2.3.0"
  resolved "https://registry.yarnpkg.com/domelementtype/-/domelementtype-2.3.0.tgz#5c45e8e869952626331d7aab326d01daf65d589d"
  integrity sha512-OLETBj6w0OsagBwdXnPdN0cnMfF9opN69co+7ZrbfPGrdpPVNBUj02spi6B1N7wChLQiPn4CSH/zJvXw56gmHw==

domhandler@^5.0.2, domhandler@^5.0.3:
  version "5.0.3"
  resolved "https://registry.yarnpkg.com/domhandler/-/domhandler-5.0.3.tgz#cc385f7f751f1d1fc650c21374804254538c7d31"
  integrity sha512-cgwlv/1iFQiFnU96XXgROh8xTeetsnJiDsTc7TYCLFd9+/WNkIqPTxiM/8pSd8VIrhXGTf1Ny1q1hquVqDJB5w==
  dependencies:
    domelementtype "^2.3.0"

dompurify@^3.4.12:
  version "3.4.12"
  resolved "https://registry.yarnpkg.com/dompurify/-/dompurify-3.4.12.tgz#6fa2265e9bbdce882c4ace4107626051b448ffa8"
  integrity sha512-zQvGet8Z2sWbQhCmfFz/T5QWH2oBmjnqK3qvOjaqaNLrLEF912WamU+ohnTp0TCep/MFVHpdJuCZEdFOdTnEFg==
  optionalDependencies:
    "@types/trusted-types" "^2.0.7"

domutils@^3.0.1, domutils@^3.1.0, domutils@^3.2.2:
  version "3.2.2"
  resolved "https://registry.yarnpkg.com/domutils/-/domutils-3.2.2.tgz#edbfe2b668b0c1d97c24baf0f1062b132221bc78"
  integrity sha512-6kZKyUajlDuqlHKVX1w7gyslj9MPIXzIFiz/rGu35uC1wMi+kMhQwGhl4lt9unC9Vb9INnY9Z3/ZA3+FhASLaw==
  dependencies:
    dom-serializer "^2.0.0"
    domelementtype "^2.3.0"
    domhandler "^5.0.3"

encoding-sniffer@^0.2.1:
  version "0.2.1"
  resolved "https://registry.yarnpkg.com/encoding-sniffer/-/encoding-sniffer-0.2.1.tgz#396ec97ac22ce5a037ba44af1992ac9d46a7b819"
  integrity sha512-5gvq20T6vfpekVtqrYQsSCFZ1wEg5+wW0/QaZMWkFr6BqD3NfKs0rLCx4rrVlSWJeZb5NBJgVLswK/w2MWU+Gw==
  dependencies:
    iconv-lite "^0.6.3"
    whatwg-encoding "^3.1.1"

entities@^4.2.0, entities@^4.5.0:
  version "4.5.0"
  resolved "https://registry.yarnpkg.com/entities/-/entities-4.5.0.tgz#5d268ea5e7113ec74c4d033b79ea5a35a488fb48"
  integrity sha512-V0hjH4dGPh9Ao5p0MoRY6BVqtwCjhz6vI5LT8AJ55H+4g9/4vbHx1I54fS0XuclLhDHArPQCiMjDxjaL8fPxhw==

entities@^6.0.0:
  version "6.0.1"
  resolved "https://registry.yarnpkg.com/entities/-/entities-6.0.1.tgz#c28c34a43379ca7f61d074130b2f5f7020a30694"
  integrity sha512-aN97NXWF6AWBTahfVOIrB/NShkzi5H7F9r1s9mD3cDj4Ko5f2qhhVoYMibXF7GlLveb/D2ioWay8lxI97Ven3g==

entities@^7.0.1:
  version "7.0.1"
  resolved "https://registry.yarnpkg.com/entities/-/entities-7.0.1.tgz#26e8a88889db63417dcb9a1e79a3f1bc92b5976b"
  integrity sha512-TWrgLOFUQTH994YUyl1yT4uyavY5nNB5muff+RtWaqNVCAK408b5ZnnbNAUEWLTCpum9w6arT70i1XdQ4UeOPA==

entities@^8.0.0:
  version "8.0.0"
  resolved "https://registry.yarnpkg.com/entities/-/entities-8.0.0.tgz#c1df5fe3602429747fa233d0dd26f142f0ce4743"
  integrity sha512-zwfzJecQ/Uej6tusMqwAqU/6KL2XaB2VZ2Jg54Je6ahNBGNH6Ek6g3jjNCF0fG9EWQKGZNddNjU5F1ZQn/sBnA==

escape-goat@^3.0.0:
  version "3.0.0"
  resolved "https://registry.yarnpkg.com/escape-goat/-/escape-goat-3.0.0.tgz#e8b5fb658553fe8a3c4959c316c6ebb8c842b19c"
  integrity sha512-w3PwNZJwRxlp47QGzhuEBldEqVHHhh8/tIPcl6ecf2Bou99cdAt0knihBV0Ecc7CGxYduXVBDheH1K2oADRlvw==

fdir@^6.5.0:
  version "6.5.0"
  resolved "https://registry.yarnpkg.com/fdir/-/fdir-6.5.0.tgz#ed2ab967a331ade62f18d077dae192684d50d350"
  integrity sha512-tIbYtZbucOs0BRGqPJkshJUYdL+SDH7dVM8gjy+ERp3WAUjLEFJE+02kanyHtwjWOnwrKYBiwAmM0p4kLJAnXg==

fsevents@~2.3.3:
  version "2.3.3"
  resolved "https://registry.yarnpkg.com/fsevents/-/fsevents-2.3.3.tgz#cac6407785d03675a2a5e1a5305c697b347d90d6"
  integrity sha512-5xoDfX+fL7faATnagmWPpbFtwh/R77WmMMqqHGS65C3vvB0YHrgF+B1YmZ3441tMj5n63k0212XNoJwzlhffQw==

htmlparser2@^10.1.0:
  version "10.1.0"
  resolved "https://registry.yarnpkg.com/htmlparser2/-/htmlparser2-10.1.0.tgz#fe3f2e12c73b6e462d4e10395db9c1119e4d6ae4"
  integrity sha512-VTZkM9GWRAtEpveh7MSF6SjjrpNVNNVJfFup7xTY3UpFtm67foy9HDVXneLtFVt4pMz5kZtgNcvCniNFb1hlEQ==
  dependencies:
    domelementtype "^2.3.0"
    domhandler "^5.0.3"
    domutils "^3.2.2"
    entities "^7.0.1"

htmlparser2@^9.1.0:
  version "9.1.0"
  resolved "https://registry.yarnpkg.com/htmlparser2/-/htmlparser2-9.1.0.tgz#cdb498d8a75a51f739b61d3f718136c369bc8c23"
  integrity sha512-5zfg6mHUoaer/97TxnGpxmbR7zJtPwIYFMZ/H5ucTlPZhKvtum05yiPK3Mgai3a0DyVxv7qYqoweaEd2nrYQzQ==
  dependencies:
    domelementtype "^2.3.0"
    domhandler "^5.0.3"
    domutils "^3.1.0"
    entities "^4.5.0"

iconv-lite@0.6.3, iconv-lite@^0.6.3:
  version "0.6.3"
  resolved "https://registry.yarnpkg.com/iconv-lite/-/iconv-lite-0.6.3.tgz#a52f80bf38da1952eb5c681790719871a1a72501"
  integrity sha512-4fCk79wshMdzMp2rH06qWrJE4iolqLhCUH+OiuIgU++RB0+94NlDL81atO7GX55uUKueo0txHNtvEyI6D7WdMw==
  dependencies:
    safer-buffer ">= 2.1.2 < 3.0.0"

juice@^12.1.1:
  version "12.1.1"
  resolved "https://registry.yarnpkg.com/juice/-/juice-12.1.1.tgz#3e9ecd8207d063df620b3abb0b602413b6352d8f"
  integrity sha512-AKmKwtRPtAq4K4uRL8yaH1WwyBAwTgYjYqGhlyE9c7wbM2IthmxDKHELKL6mGI3HR76lCSJZu/RVMffC0xSM+A==
  dependencies:
    cheerio "1.2.0"
    commander "^14.0.3"
    entities "^8.0.0"
    postcss "^8.5.0"
    postcss-nesting "^14.0.0"
    postcss-safe-parser "^7.0.1"
    postcss-selector-parser "^7.1.0"
    web-resource-inliner "^8.0.0"

lightningcss-android-arm64@1.32.0:
  version "1.32.0"
  resolved "https://registry.yarnpkg.com/lightningcss-android-arm64/-/lightningcss-android-arm64-1.32.0.tgz#f033885116dfefd9c6f54787523e3514b61e1968"
  integrity sha512-YK7/ClTt4kAK0vo6w3X+Pnm0D2cf2vPHbhOXdoNti1Ga0al1P4TBZhwjATvjNwLEBCnKvjJc2jQgHXH0NEwlAg==

lightningcss-darwin-arm64@1.32.0:
  version "1.32.0"
  resolved "https://registry.yarnpkg.com/lightningcss-darwin-arm64/-/lightningcss-darwin-arm64-1.32.0.tgz#50b71871b01c8199584b649e292547faea7af9b5"
  integrity sha512-RzeG9Ju5bag2Bv1/lwlVJvBE3q6TtXskdZLLCyfg5pt+HLz9BqlICO7LZM7VHNTTn/5PRhHFBSjk5lc4cmscPQ==

lightningcss-darwin-x64@1.32.0:
  version "1.32.0"
  resolved "https://registry.yarnpkg.com/lightningcss-darwin-x64/-/lightningcss-darwin-x64-1.32.0.tgz#35f3e97332d130b9ca181e11b568ded6aebc6d5e"
  integrity sha512-U+QsBp2m/s2wqpUYT/6wnlagdZbtZdndSmut/NJqlCcMLTWp5muCrID+K5UJ6jqD2BFshejCYXniPDbNh73V8w==

lightningcss-freebsd-x64@1.32.0:
  version "1.32.0"
  resolved "https://registry.yarnpkg.com/lightningcss-freebsd-x64/-/lightningcss-freebsd-x64-1.32.0.tgz#9777a76472b64ed6ff94342ad64c7bafd794a575"
  integrity sha512-JCTigedEksZk3tHTTthnMdVfGf61Fky8Ji2E4YjUTEQX14xiy/lTzXnu1vwiZe3bYe0q+SpsSH/CTeDXK6WHig==

lightningcss-linux-arm-gnueabihf@1.32.0:
  version "1.32.0"
  resolved "https://registry.yarnpkg.com/lightningcss-linux-arm-gnueabihf/-/lightningcss-linux-arm-gnueabihf-1.32.0.tgz#13ae652e1ab73b9135d7b7da172f666c410ad53d"
  integrity sha512-x6rnnpRa2GL0zQOkt6rts3YDPzduLpWvwAF6EMhXFVZXD4tPrBkEFqzGowzCsIWsPjqSK+tyNEODUBXeeVHSkw==

lightningcss-linux-arm64-gnu@1.32.0:
  version "1.32.0"
  resolved "https://registry.yarnpkg.com/lightningcss-linux-arm64-gnu/-/lightningcss-linux-arm64-gnu-1.32.0.tgz#417858795a94592f680123a1b1f9da8a0e1ef335"
  integrity sha512-0nnMyoyOLRJXfbMOilaSRcLH3Jw5z9HDNGfT/gwCPgaDjnx0i8w7vBzFLFR1f6CMLKF8gVbebmkUN3fa/kQJpQ==

lightningcss-linux-arm64-musl@1.32.0:
  version "1.32.0"
  resolved "https://registry.yarnpkg.com/lightningcss-linux-arm64-musl/-/lightningcss-linux-arm64-musl-1.32.0.tgz#6be36692e810b718040802fd809623cffe732133"
  integrity sha512-UpQkoenr4UJEzgVIYpI80lDFvRmPVg6oqboNHfoH4CQIfNA+HOrZ7Mo7KZP02dC6LjghPQJeBsvXhJod/wnIBg==

lightningcss-linux-x64-gnu@1.32.0:
  version "1.32.0"
  resolved "https://registry.yarnpkg.com/lightningcss-linux-x64-gnu/-/lightningcss-linux-x64-gnu-1.32.0.tgz#0b7803af4eb21cfd38dd39fe2abbb53c7dd091f6"
  integrity sha512-V7Qr52IhZmdKPVr+Vtw8o+WLsQJYCTd8loIfpDaMRWGUZfBOYEJeyJIkqGIDMZPwPx24pUMfwSxxI8phr/MbOA==

lightningcss-linux-x64-musl@1.32.0:
  version "1.32.0"
  resolved "https://registry.yarnpkg.com/lightningcss-linux-x64-musl/-/lightningcss-linux-x64-musl-1.32.0.tgz#88dc8ba865ddddb1ac5ef04b0f161804418c163b"
  integrity sha512-bYcLp+Vb0awsiXg/80uCRezCYHNg1/l3mt0gzHnWV9XP1W5sKa5/TCdGWaR/zBM2PeF/HbsQv/j2URNOiVuxWg==

lightningcss-win32-arm64-msvc@1.32.0:
  version "1.32.0"
  resolved "https://registry.yarnpkg.com/lightningcss-win32-arm64-msvc/-/lightningcss-win32-arm64-msvc-1.32.0.tgz#4f30ba3fa5e925f5b79f945e8cc0d176c3b1ab38"
  integrity sha512-8SbC8BR40pS6baCM8sbtYDSwEVQd4JlFTOlaD3gWGHfThTcABnNDBda6eTZeqbofalIJhFx0qKzgHJmcPTnGdw==

lightningcss-win32-x64-msvc@1.32.0:
  version "1.32.0"
  resolved "https://registry.yarnpkg.com/lightningcss-win32-x64-msvc/-/lightningcss-win32-x64-msvc-1.32.0.tgz#141aa5605645064928902bb4af045fa7d9f4220a"
  integrity sha512-Amq9B/SoZYdDi1kFrojnoqPLxYhQ4Wo5XiL8EVJrVsB8ARoC1PWW6VGtT0WKCemjy8aC+louJnjS7U18x3b06Q==

lightningcss@^1.32.0:
  version "1.32.0"
  resolved "https://registry.yarnpkg.com/lightningcss/-/lightningcss-1.32.0.tgz#b85aae96486dcb1bf49a7c8571221273f4f1e4a9"
  integrity sha512-NXYBzinNrblfraPGyrbPoD19C1h9lfI/1mzgWYvXUTe414Gz/X1FD2XBZSZM7rRTrMA8JL3OtAaGifrIKhQ5yQ==
  dependencies:
    detect-libc "^2.0.3"
  optionalDependencies:
    lightningcss-android-arm64 "1.32.0"
    lightningcss-darwin-arm64 "1.32.0"
    lightningcss-darwin-x64 "1.32.0"
    lightningcss-freebsd-x64 "1.32.0"
    lightningcss-linux-arm-gnueabihf "1.32.0"
    lightningcss-linux-arm64-gnu "1.32.0"
    lightningcss-linux-arm64-musl "1.32.0"
    lightningcss-linux-x64-gnu "1.32.0"
    lightningcss-linux-x64-musl "1.32.0"
    lightningcss-win32-arm64-msvc "1.32.0"
    lightningcss-win32-x64-msvc "1.32.0"

marked@^18.0.6:
  version "18.0.6"
  resolved "https://registry.yarnpkg.com/marked/-/marked-18.0.6.tgz#7faf26fd580b9c8daa75984f18db25631fc4ad63"
  integrity sha512-MrV5puXBfuiy6wl6DLaq3BtIJQAJToAd5zt/ZKhRfGRAuFPALE7/4Y7jnxRQoEgK/pBgurGqLyAuRgZ2xOjr6w==

mime@^2.4.6:
  version "2.6.0"
  resolved "https://registry.yarnpkg.com/mime/-/mime-2.6.0.tgz#a2a682a95cd4d0cb1d6257e28f83da7e35800367"
  integrity sha512-USPkMeET31rOMiarsBNIHZKLGgvKc/LrjofAnBlOttf5ajRvqiRA8QsenbcooctK6d6Ts6aqZXBA+XbkKthiQg==

nanoid@^3.3.12:
  version "3.3.16"
  resolved "https://registry.yarnpkg.com/nanoid/-/nanoid-3.3.16.tgz#a04d8ec4b1f10009d2d533947aefe4293737816c"
  integrity sha512-bzlKTyNJ7+LdGIIwy8ijFpIqEQIvafahV7eYykJ8Cvh42EdJeODoJ6gUJXpQJvej1BddH8OqTXZNE/KfbWAu8Q==

nth-check@^2.0.1:
  version "2.1.1"
  resolved "https://registry.yarnpkg.com/nth-check/-/nth-check-2.1.1.tgz#c9eab428effce36cd6b92c924bdb000ef1f1ed1d"
  integrity sha512-lqjrjmaOoAnWfMmBPL+XNnynZh2+swxiX3WUE0s4yEHI6m+AwrK2UZOimIRl3X/4QctVqS8AiZjFqyOGrMXb/w==
  dependencies:
    boolbase "^1.0.0"

parse5-htmlparser2-tree-adapter@^7.1.0:
  version "7.1.0"
  resolved "https://registry.yarnpkg.com/parse5-htmlparser2-tree-adapter/-/parse5-htmlparser2-tree-adapter-7.1.0.tgz#b5a806548ed893a43e24ccb42fbb78069311e81b"
  integrity sha512-ruw5xyKs6lrpo9x9rCZqZZnIUntICjQAd0Wsmp396Ul9lN/h+ifgVV1x1gZHi8euej6wTfpqX8j+BFQxF0NS/g==
  dependencies:
    domhandler "^5.0.3"
    parse5 "^7.0.0"

parse5-parser-stream@^7.1.2:
  version "7.1.2"
  resolved "https://registry.yarnpkg.com/parse5-parser-stream/-/parse5-parser-stream-7.1.2.tgz#d7c20eadc37968d272e2c02660fff92dd27e60e1"
  integrity sha512-JyeQc9iwFLn5TbvvqACIF/VXG6abODeB3Fwmv/TGdLk2LfbWkaySGY72at4+Ty7EkPZj854u4CrICqNk2qIbow==
  dependencies:
    parse5 "^7.0.0"

parse5@^7.0.0, parse5@^7.3.0:
  version "7.3.0"
  resolved "https://registry.yarnpkg.com/parse5/-/parse5-7.3.0.tgz#d7e224fa72399c7a175099f45fc2ad024b05ec05"
  integrity sha512-IInvU7fabl34qmi9gY8XOVxhYyMyuH2xUNpb2q8/Y+7552KlejkRvqvD19nMoUW/uQGGbqNpA6Tufu5FL5BZgw==
  dependencies:
    entities "^6.0.0"

picocolors@^1.1.1:
  version "1.1.1"
  resolved "https://registry.yarnpkg.com/picocolors/-/picocolors-1.1.1.tgz#3d321af3eab939b083c8f929a1d12cda81c26b6b"
  integrity sha512-xceH2snhtb5M9liqDsmEw56le376mTZkEX/jEb/RxNFyegNul7eNslCXP9FDj/Lcu0X8KEyMceP2ntpaHrDEVA==

picomatch@^4.0.4:
  version "4.0.5"
  resolved "https://registry.yarnpkg.com/picomatch/-/picomatch-4.0.5.tgz#51ea57a17d86f605f81039595fbc40ed06a55fab"
  integrity sha512-RvwwcruNjI1ncT5xRakeyS9Lf8lcItv34KD+aif+VH9kduAyfYBipGh12274xtenIPZ119/R9BdTBa8gAwSh0A==

postcss-nesting@^14.0.0:
  version "14.0.0"
  resolved "https://registry.yarnpkg.com/postcss-nesting/-/postcss-nesting-14.0.0.tgz#5400139a425da2ca8228bc406e67e0e8d344b137"
  integrity sha512-YGFOfVrjxYfeGTS5XctP1WCI5hu8Lr9SmntjfRC+iX5hCihEO+QZl9Ra+pkjqkgoVdDKvb2JccpElcowhZtzpw==
  dependencies:
    "@csstools/selector-resolve-nested" "^4.0.0"
    "@csstools/selector-specificity" "^6.0.0"
    postcss-selector-parser "^7.1.1"

postcss-safe-parser@^7.0.1:
  version "7.0.1"
  resolved "https://registry.yarnpkg.com/postcss-safe-parser/-/postcss-safe-parser-7.0.1.tgz#36e4f7e608111a0ca940fd9712ce034718c40ec0"
  integrity sha512-0AioNCJZ2DPYz5ABT6bddIqlhgwhpHZ/l65YAYo0BCIn0xiDpsnTHz0gnoTGk0OXZW0JRs+cDwL8u/teRdz+8A==

postcss-selector-parser@^7.1.0, postcss-selector-parser@^7.1.1:
  version "7.1.4"
  resolved "https://registry.yarnpkg.com/postcss-selector-parser/-/postcss-selector-parser-7.1.4.tgz#69dc7a526517572ff6b150e352b36a016017b485"
  integrity sha512-HeP7D2wyhkR+XaK6v4W8oRF62Dsz4flyuczALJp61GckGm42u1saSSJ/0auvcBqxs3jMRFEcPK34At/0JBKdOg==
  dependencies:
    cssesc "^3.0.0"
    util-deprecate "^1.0.2"

postcss@^8.5.0, postcss@^8.5.14:
  version "8.5.19"
  resolved "https://registry.yarnpkg.com/postcss/-/postcss-8.5.19.tgz#45ad5cfde499408e20147348237551381a922037"
  integrity sha512-Mz8SaolMd8nB+G13WkORcxQKHZ/NE4xXevtkJHVuG+guo9/wYKlIMTKAqGdEmYOXR2ijPjTYNHssizdaVSUNdQ==
  dependencies:
    nanoid "^3.3.12"
    picocolors "^1.1.1"
    source-map-js "^1.2.1"

react-dom@19.2.6:
  version "19.2.6"
  resolved "https://registry.yarnpkg.com/react-dom/-/react-dom-19.2.6.tgz#44a81b0bcca22da814c00847d09d01c8615529b7"
  integrity sha512-0prMI+hvBbPjsWnxDLxlCGyM8PN6UuWjEUCYmZhO67xIV9Xasa/r/vDnq+Xyq4Lo27g8QSbO5YzARu0D1Sps3g==
  dependencies:
    scheduler "^0.27.0"

react@19.2.6:
  version "19.2.6"
  resolved "https://registry.yarnpkg.com/react/-/react-19.2.6.tgz#3dadb8e12b2a7934c1d5317973e5dce1301f9a4d"
  integrity sha512-sfWGGfavi0xr8Pg0sVsyHMAOziVYKgPLNrS7ig+ivMNb3wbCBw3KxtflsGBAwD3gYQlE/AEZsTLgToRrSCjb0Q==

rolldown@1.0.1:
  version "1.0.1"
  resolved "https://registry.yarnpkg.com/rolldown/-/rolldown-1.0.1.tgz#2e2e839106dc47951e42dbba414f0f0ecf97ac68"
  integrity sha512-X0KQHljNnEkWNqqiz9zJrGunh1B0HgOxLXvnFpCOcadzcy5qohZ3tqMEUg00vncoRovXuK3ZqCT9KnnKzoInFQ==
  dependencies:
    "@oxc-project/types" "=0.130.0"
    "@rolldown/pluginutils" "^1.0.0"
  optionalDependencies:
    "@rolldown/binding-android-arm64" "1.0.1"
    "@rolldown/binding-darwin-arm64" "1.0.1"
    "@rolldown/binding-darwin-x64" "1.0.1"
    "@rolldown/binding-freebsd-x64" "1.0.1"
    "@rolldown/binding-linux-arm-gnueabihf" "1.0.1"
    "@rolldown/binding-linux-arm64-gnu" "1.0.1"
    "@rolldown/binding-linux-arm64-musl" "1.0.1"
    "@rolldown/binding-linux-ppc64-gnu" "1.0.1"
    "@rolldown/binding-linux-s390x-gnu" "1.0.1"
    "@rolldown/binding-linux-x64-gnu" "1.0.1"
    "@rolldown/binding-linux-x64-musl" "1.0.1"
    "@rolldown/binding-openharmony-arm64" "1.0.1"
    "@rolldown/binding-wasm32-wasi" "1.0.1"
    "@rolldown/binding-win32-arm64-msvc" "1.0.1"
    "@rolldown/binding-win32-x64-msvc" "1.0.1"

"safer-buffer@>= 2.1.2 < 3.0.0":
  version "2.1.2"
  resolved "https://registry.yarnpkg.com/safer-buffer/-/safer-buffer-2.1.2.tgz#44fa161b0187b9549dd84bb91802f9bd8385cd6a"
  integrity sha512-YZo3K82SD7Riyi0E1EQPojLz7kpepnSQI9IyPbHHg1XXXevb5dJI7tpyN2ADxGcQbHG7vcyRHk0cbwqcQriUtg==

scheduler@^0.27.0:
  version "0.27.0"
  resolved "https://registry.yarnpkg.com/scheduler/-/scheduler-0.27.0.tgz#0c4ef82d67d1e5c1e359e8fc76d3a87f045fe5bd"
  integrity sha512-eNv+WrVbKu1f3vbYJT/xtiF5syA5HPIMtf9IgY/nKg0sWqzAUEvqY/xm7OcZc/qafLx/iO9FgOmeSAp4v5ti/Q==

source-map-js@^1.2.1:
  version "1.2.1"
  resolved "https://registry.yarnpkg.com/source-map-js/-/source-map-js-1.2.1.tgz#1ce5650fddd87abc099eda37dcff024c2667ae46"
  integrity sha512-UXWMKhLOwVKb728IUtQPXxfYU+usdybtUrK/8uGE8CQMvrhOpwvzDBwj0QhSL7MQc7vIsISBG8VQ8+IDQxpfQA==

tinyglobby@^0.2.16:
  version "0.2.17"
  resolved "https://registry.yarnpkg.com/tinyglobby/-/tinyglobby-0.2.17.tgz#562a9a6c9eb2b3b123d39719f9af5bb44fcd7631"
  integrity sha512-wXR/dYpcqKmfWpEdZjiKJOwCNFndD0DMnrW/cYjVGttEkBfVgcLFHoNrlj47mjOVic9yyNu65alsgF4NQyTa2g==
  dependencies:
    fdir "^6.5.0"
    picomatch "^4.0.4"

tslib@^2.4.0:
  version "2.8.1"
  resolved "https://registry.yarnpkg.com/tslib/-/tslib-2.8.1.tgz#612efe4ed235d567e8aba5f2a5fab70280ade83f"
  integrity sha512-oJFu94HQb+KVduSUQL7wnpmqnfmLsOA/nAh6b6EH0wCEoK0/mPeXU6c3wKDV83MkOuHPRHtSXKKU99IBazS/2w==

typescript@5.9.3:
  version "5.9.3"
  resolved "https://registry.yarnpkg.com/typescript/-/typescript-5.9.3.tgz#5b4f59e15310ab17a216f5d6cf53ee476ede670f"
  integrity sha512-jl1vZzPDinLr9eUt3J/t7V6FgNEw9QjvBPdysz9KfQDD41fQrC2Y4vKQdiaUpFT4bXlb1RHhLpp8wtm6M5TgSw==

undici@^7.19.0:
  version "7.28.0"
  resolved "https://registry.yarnpkg.com/undici/-/undici-7.28.0.tgz#97d64564198b285bc281f0e8e29597e3d11fe7ec"
  integrity sha512-cRZYrTDwWznlnRiPjggAGxZXanty6M8RV1ff8Wm4LWXBp7/IG8v5DnOm74DtUBp9OONpK75YlPnIjQqX0dBDtA==

util-deprecate@^1.0.2:
  version "1.0.2"
  resolved "https://registry.yarnpkg.com/util-deprecate/-/util-deprecate-1.0.2.tgz#450d4dc9fa70de732762fbd2d4a28981419a0ccf"
  integrity sha512-EPD5q1uXyFxJpCrLnCc1nHnq3gOa6DZBocAIiI2TaSCA7VCJ1UJDMagCzIkXNsUYfD1daK//LTEQ8xiIbrHtcw==

valid-data-url@^3.0.0:
  version "3.0.1"
  resolved "https://registry.yarnpkg.com/valid-data-url/-/valid-data-url-3.0.1.tgz#826c1744e71b5632e847dd15dbd45b9fb38aa34f"
  integrity sha512-jOWVmzVceKlVVdwjNSenT4PbGghU0SBIizAev8ofZVgivk/TVHXSbNL8LP6M3spZvkR9/QolkyJavGSX5Cs0UA==

vite@8.0.13:
  version "8.0.13"
  resolved "https://registry.yarnpkg.com/vite/-/vite-8.0.13.tgz#d75fb40aeee761051b0eb4620993da625c7719ab"
  integrity sha512-MFtjBYgzmSxmgA4RAfjIyXWpGe1oALnjgUTzzV7QLx/TKxCzjtMH6Fd9/eVK+5Fg1qNoz5VAwsmMs/NofrmJvw==
  dependencies:
    lightningcss "^1.32.0"
    picomatch "^4.0.4"
    postcss "^8.5.14"
    rolldown "1.0.1"
    tinyglobby "^0.2.16"
  optionalDependencies:
    fsevents "~2.3.3"

web-resource-inliner@^8.0.0:
  version "8.0.0"
  resolved "https://registry.yarnpkg.com/web-resource-inliner/-/web-resource-inliner-8.0.0.tgz#72c2856ab52b82939f538736bca58082f8c2fd76"
  integrity sha512-Ezr98sqXW/+OCGoUEXuOKVR+oVFlSdn1tIySEEJdiSAw4IjrW8hQkwARSSBJTSB5Us5dnytDgL0ZDliAYBhaNA==
  dependencies:
    ansi-colors "^4.1.1"
    escape-goat "^3.0.0"
    htmlparser2 "^9.1.0"
    mime "^2.4.6"
    valid-data-url "^3.0.0"

whatwg-encoding@^3.1.1:
  version "3.1.1"
  resolved "https://registry.yarnpkg.com/whatwg-encoding/-/whatwg-encoding-3.1.1.tgz#d0f4ef769905d426e1688f3e34381a99b60b76e5"
  integrity sha512-6qN4hJdMwfYBtE3YBTTHhoeuUrDBPZmbQaxWAqSALV/MeEnR5z1xd8UKud2RAkFoPkmB+hli1TZSnyi84xz1vQ==
  dependencies:
    iconv-lite "0.6.3"

whatwg-mimetype@^4.0.0:
  version "4.0.0"
  resolved "https://registry.yarnpkg.com/whatwg-mimetype/-/whatwg-mimetype-4.0.0.tgz#bc1bf94a985dc50388d54a9258ac405c3ca2fc0a"
  integrity sha512-QaKxh0eNIi2mE9p2vEdzfagOKHCcj1pJ56EEHGQOVxp8r9/iszLUUV7v89x9O1p/T+NlTM5W7jW6+cz4Fq1YVg==
